# THIS IS AN AUTOGENERATED FILE. DO NOT EDIT THIS FILE DIRECTLY.
# yarn lockfile v1


uwsgi@^0.0.1:
  version "0.0.1"
  resolved "https://registry.yarnpkg.com/uwsgi/-/uwsgi-0.0.1.tgz#736ec7e6e85bef55fe67a65d0846ce8067aa0a2f"
  integrity sha512-xsBGtPEdjS7vsgyPd2XRryw893lP3SnGpQBhYNop9d0pa4oEjFbDQunbR2vqGsy5635BHVBDOahnC1K1+ljVYQ==
